
Microsoft Visual Studio Solution File, Format Version 12.00
# Visual Studio Version 17
VisualStudioVersion = 17.7.34221.43
MinimumVisualStudioVersion = 10.0.40219.1
Project("{FAE04EC0-301F-11D3-BF4B-00C04F79EFBC}") = "KormosAron_Etlap", "KormosAron_Etlap.csproj", "{5332129B-83A0-4824-88BF-39B46D085946}"
EndProject
Global
	GlobalSection(SolutionConfigurationPlatforms) = preSolution
		Debug|Any CPU = Debug|Any CPU
		Release|Any CPU = Release|Any CPU
	EndGlobalSection
	GlobalSection(ProjectConfigurationPlatforms) = postSolution
		{5332129B-83A0-4824-88BF-39B46D085946}.Debug|Any CPU.ActiveCfg = Debug|Any CPU
		{5332129B-83A0-4824-88BF-39B46D085946}.Debug|Any CPU.Build.0 = Debug|Any CPU
		{5332129B-83A0-4824-88BF-39B46D085946}.Release|Any CPU.ActiveCfg = Release|Any CPU
		{5332129B-83A0-4824-88BF-39B46D085946}.Release|Any CPU.Build.0 = Release|Any CPU
	EndGlobalSection
	GlobalSection(SolutionProperties) = preSolution
		HideSolutionNode = FALSE
	EndGlobalSection
	GlobalSection(ExtensibilityGlobals) = postSolution
		SolutionGuid = {6CC9B6A1-39BF-49F8-A9B4-DBAE32B6EAED}
	EndGlobalSection
EndGlobal
